# THIS IS AN AUTOGENERATED FILE. DO NOT EDIT THIS FILE DIRECTLY.
# yarn lockfile v1


country-state-city@^3.2.0:
  version "3.2.0"
  resolved "https://registry.yarnpkg.com/country-state-city/-/country-state-city-3.2.0.tgz#b8193f7f2bdcba2e626c3ec7858ffcc543f604b5"
  integrity sha512-dKbqChbddhaFx4WzjKRBG+U7yoTSR4MI6pyDyxBGqLG4X2SMmvJy+ZRpO3UgKFOSsPxcHgs/KG5iGrtaDOOAEw==
